
Microsoft Visual Studio Solution File, Format Version 12.00
# Visual Studio Version 17
VisualStudioVersion = 17.10.35122.118
MinimumVisualStudioVersion = 10.0.40219.1
Project("{9A19103F-16F7-4668-BE54-9A1E7A4F7556}") = "ProyectoFestivos.Dominio", "ProyectoFestivos.Dominio\ProyectoFestivos.Dominio.csproj", "{6A9E5D99-B6A8-420C-9C99-4BBF676AE902}"
EndProject
Project("{9A19103F-16F7-4668-BE54-9A1E7A4F7556}") = "ProyectoFestivos.Core", "ProyectoFestivos.Core\ProyectoFestivos.Core.csproj", "{2660B68F-86D8-4BC3-9FEB-154B61E89042}"
EndProject
Project("{9A19103F-16F7-4668-BE54-9A1E7A4F7556}") = "ProyectoFestivos.Infraestructura.Persistencia", "ProyectoFestivos.Infraestructura.Persistencia\ProyectoFestivos.Infraestructura.Persistencia.csproj", "{82BB7588-E2AC-4D2C-A60E-C6ABB6E80CBF}"
EndProject
Project("{9A19103F-16F7-4668-BE54-9A1E7A4F7556}") = "ProyectoFestivos.Infraestructura.Repositorio", "ProyectoFestivos.Infraestructura.Repositorio\ProyectoFestivos.Infraestructura.Repositorio.csproj", "{8DED2E95-0AA6-42CA-9684-1586CC2EE041}"
EndProject
Project("{FAE04EC0-301F-11D3-BF4B-00C04F79EFBC}") = "ProyectoFestivos.Aplicacion", "ProyectoFestivos.Aplicacion\ProyectoFestivos.Aplicacion.csproj", "{317BA3C7-B44A-4242-9041-2E2F0D793245}"
EndProject
Project("{FAE04EC0-301F-11D3-BF4B-00C04F79EFBC}") = "ProyectoFestivos.Presentacion", "ProyectoFestivos.Presentacion\ProyectoFestivos.Presentacion.csproj", "{2C088ED8-377B-4EB5-B9DB-7938B677D3E1}"
EndProject
Global
	GlobalSection(SolutionConfigurationPlatforms) = preSolution
		Debug|Any CPU = Debug|Any CPU
		Release|Any CPU = Release|Any CPU
	EndGlobalSection
	GlobalSection(ProjectConfigurationPlatforms) = postSolution
		{6A9E5D99-B6A8-420C-9C99-4BBF676AE902}.Debug|Any CPU.ActiveCfg = Debug|Any CPU
		{6A9E5D99-B6A8-420C-9C99-4BBF676AE902}.Debug|Any CPU.Build.0 = Debug|Any CPU
		{6A9E5D99-B6A8-420C-9C99-4BBF676AE902}.Release|Any CPU.ActiveCfg = Release|Any CPU
		{6A9E5D99-B6A8-420C-9C99-4BBF676AE902}.Release|Any CPU.Build.0 = Release|Any CPU
		{2660B68F-86D8-4BC3-9FEB-154B61E89042}.Debug|Any CPU.ActiveCfg = Debug|Any CPU
		{2660B68F-86D8-4BC3-9FEB-154B61E89042}.Debug|Any CPU.Build.0 = Debug|Any CPU
		{2660B68F-86D8-4BC3-9FEB-154B61E89042}.Release|Any CPU.ActiveCfg = Release|Any CPU
		{2660B68F-86D8-4BC3-9FEB-154B61E89042}.Release|Any CPU.Build.0 = Release|Any CPU
		{82BB7588-E2AC-4D2C-A60E-C6ABB6E80CBF}.Debug|Any CPU.ActiveCfg = Debug|Any CPU
		{82BB7588-E2AC-4D2C-A60E-C6ABB6E80CBF}.Debug|Any CPU.Build.0 = Debug|Any CPU
		{82BB7588-E2AC-4D2C-A60E-C6ABB6E80CBF}.Release|Any CPU.ActiveCfg = Release|Any CPU
		{82BB7588-E2AC-4D2C-A60E-C6ABB6E80CBF}.Release|Any CPU.Build.0 = Release|Any CPU
		{8DED2E95-0AA6-42CA-9684-1586CC2EE041}.Debug|Any CPU.ActiveCfg = Debug|Any CPU
		{8DED2E95-0AA6-42CA-9684-1586CC2EE041}.Debug|Any CPU.Build.0 = Debug|Any CPU
		{8DED2E95-0AA6-42CA-9684-1586CC2EE041}.Release|Any CPU.ActiveCfg = Release|Any CPU
		{8DED2E95-0AA6-42CA-9684-1586CC2EE041}.Release|Any CPU.Build.0 = Release|Any CPU
		{317BA3C7-B44A-4242-9041-2E2F0D793245}.Debug|Any CPU.ActiveCfg = Debug|Any CPU
		{317BA3C7-B44A-4242-9041-2E2F0D793245}.Debug|Any CPU.Build.0 = Debug|Any CPU
		{317BA3C7-B44A-4242-9041-2E2F0D793245}.Release|Any CPU.ActiveCfg = Release|Any CPU
		{317BA3C7-B44A-4242-9041-2E2F0D793245}.Release|Any CPU.Build.0 = Release|Any CPU
		{2C088ED8-377B-4EB5-B9DB-7938B677D3E1}.Debug|Any CPU.ActiveCfg = Debug|Any CPU
		{2C088ED8-377B-4EB5-B9DB-7938B677D3E1}.Debug|Any CPU.Build.0 = Debug|Any CPU
		{2C088ED8-377B-4EB5-B9DB-7938B677D3E1}.Release|Any CPU.ActiveCfg = Release|Any CPU
		{2C088ED8-377B-4EB5-B9DB-7938B677D3E1}.Release|Any CPU.Build.0 = Release|Any CPU
	EndGlobalSection
	GlobalSection(SolutionProperties) = preSolution
		HideSolutionNode = FALSE
	EndGlobalSection
	GlobalSection(ExtensibilityGlobals) = postSolution
		SolutionGuid = {F9507D04-1BF6-4ED7-8DBB-CBF775C0DE42}
	EndGlobalSection
EndGlobal
