
Microsoft Visual Studio Solution File, Format Version 12.00
# Visual Studio Version 17
VisualStudioVersion = 17.10.35122.118
MinimumVisualStudioVersion = 10.0.40219.1
Project("{FAE04EC0-301F-11D3-BF4B-00C04F79EFBC}") = "ProyectoFestivos.Dominio", "ProyectoFestivos.Dominio\ProyectoFestivos.Dominio.csproj", "{6A9E5D99-B6A8-420C-9C99-4BBF676AE902}"
EndProject
Project("{FAE04EC0-301F-11D3-BF4B-00C04F79EFBC}") = "ProyectoFestivos.Core", "ProyectoFestivos.Core\ProyectoFestivos.Core.csproj", "{2660B68F-86D8-4BC3-9FEB-154B61E89042}"
EndProject
Global
	GlobalSection(SolutionConfigurationPlatforms) = preSolution
		Debug|Any CPU = Debug|Any CPU
		Release|Any CPU = Release|Any CPU
	EndGlobalSection
	GlobalSection(ProjectConfigurationPlatforms) = postSolution
		{6A9E5D99-B6A8-420C-9C99-4BBF676AE902}.Debug|Any CPU.ActiveCfg = Debug|Any CPU
		{6A9E5D99-B6A8-420C-9C99-4BBF676AE902}.Debug|Any CPU.Build.0 = Debug|Any CPU
		{6A9E5D99-B6A8-420C-9C99-4BBF676AE902}.Release|Any CPU.ActiveCfg = Release|Any CPU
		{6A9E5D99-B6A8-420C-9C99-4BBF676AE902}.Release|Any CPU.Build.0 = Release|Any CPU
		{2660B68F-86D8-4BC3-9FEB-154B61E89042}.Debug|Any CPU.ActiveCfg = Debug|Any CPU
		{2660B68F-86D8-4BC3-9FEB-154B61E89042}.Debug|Any CPU.Build.0 = Debug|Any CPU
		{2660B68F-86D8-4BC3-9FEB-154B61E89042}.Release|Any CPU.ActiveCfg = Release|Any CPU
		{2660B68F-86D8-4BC3-9FEB-154B61E89042}.Release|Any CPU.Build.0 = Release|Any CPU
	EndGlobalSection
	GlobalSection(SolutionProperties) = preSolution
		HideSolutionNode = FALSE
	EndGlobalSection
	GlobalSection(ExtensibilityGlobals) = postSolution
		SolutionGuid = {F9507D04-1BF6-4ED7-8DBB-CBF775C0DE42}
	EndGlobalSection
EndGlobal
